
Microsoft Visual Studio Solution File, Format Version 12.00
# Visual Studio 14
VisualStudioVersion = 14.0.25420.1
MinimumVisualStudioVersion = 10.0.40219.1
Project("{2150E333-8FDC-42A3-9474-1A3956D46DE8}") = "_CSI", "_CSI", "{25B702B3-8FBC-45EA-A1B3-CD48DA875561}"
EndProject
Project("{FAE04EC0-301F-11D3-BF4B-00C04F79EFBC}") = "CSI.CastleWindsorHelper", "PesWeb\_CSI\CSI.CastleWindsorHelper\CSI.CastleWindsorHelper.csproj", "{48F6968E-CCF2-4BD8-8717-452D99FCD390}"
EndProject
Project("{FAE04EC0-301F-11D3-BF4B-00C04F79EFBC}") = "CSI.Common", "PesWeb\_CSI\CSI.Common\CSI.Common.csproj", "{359BC7F1-4290-4B31-BFCD-9765031AD459}"
EndProject
Project("{FAE04EC0-301F-11D3-BF4B-00C04F79EFBC}") = "CSI.ModelHelper", "PesWeb\_CSI\CSI.ModelHelper\CSI.ModelHelper.csproj", "{98F51196-0BF6-49B9-A06C-9FC8A0FD1A76}"
EndProject
Project("{FAE04EC0-301F-11D3-BF4B-00C04F79EFBC}") = "CSI.Security", "PesWeb\_CSI\CSI.Security\CSI.Security.csproj", "{AA14F3CD-FADE-4DF9-8EF2-20D98942ECF8}"
EndProject
Project("{FAE04EC0-301F-11D3-BF4B-00C04F79EFBC}") = "CSI.Web.UI", "PesWeb\_CSI\CSI.Web.UI\CSI.Web.UI.csproj", "{2521D16B-0A5A-469F-A6EB-A9F6969BBC19}"
EndProject
Project("{2150E333-8FDC-42A3-9474-1A3956D46DE8}") = "CrossCuttings", "CrossCuttings", "{49D7DD31-0A4C-4838-9E15-7E6851B4FB48}"
EndProject
Project("{FAE04EC0-301F-11D3-BF4B-00C04F79EFBC}") = "PesWeb.Injectors", "PesWeb\CrossCuttings\PesWeb.Injectors\PesWeb.Injectors.csproj", "{684CD121-6394-4C0B-BD97-8A0635C117E9}"
EndProject
Project("{FAE04EC0-301F-11D3-BF4B-00C04F79EFBC}") = "PesWeb.Interceptors", "PesWeb\CrossCuttings\PesWeb.Interceptors\PesWeb.Interceptors.csproj", "{C81F3515-BF1D-48D8-B90D-D13EA7171C9E}"
EndProject
Project("{2150E333-8FDC-42A3-9474-1A3956D46DE8}") = "Models", "Models", "{C2083F73-5B4F-4A3F-B24D-C2E1219FAC81}"
EndProject
Project("{FAE04EC0-301F-11D3-BF4B-00C04F79EFBC}") = "PesWeb.Service", "PesWeb\Models\PesWeb.Service\PesWeb.Service.csproj", "{FE57D042-A803-43FA-B075-7786C8E1486E}"
EndProject
Project("{2150E333-8FDC-42A3-9474-1A3956D46DE8}") = "Presentations", "Presentations", "{01328AB4-8974-45A6-B967-16E0DBAB9668}"
EndProject
Project("{FAE04EC0-301F-11D3-BF4B-00C04F79EFBC}") = "PESproj", "PESproj\PESproj.csproj", "{D9A99905-D6AE-4FA0-B527-053141A8724A}"
EndProject
Project("{FAE04EC0-301F-11D3-BF4B-00C04F79EFBC}") = "PESproj.Tests", "PESproj.Tests\PESproj.Tests.csproj", "{885326B5-A5EF-4E8A-89AE-6D3D1A938369}"
EndProject
Global
	GlobalSection(SolutionConfigurationPlatforms) = preSolution
		Debug|Any CPU = Debug|Any CPU
		Release|Any CPU = Release|Any CPU
	EndGlobalSection
	GlobalSection(ProjectConfigurationPlatforms) = postSolution
		{48F6968E-CCF2-4BD8-8717-452D99FCD390}.Debug|Any CPU.ActiveCfg = Debug|Any CPU
		{48F6968E-CCF2-4BD8-8717-452D99FCD390}.Debug|Any CPU.Build.0 = Debug|Any CPU
		{48F6968E-CCF2-4BD8-8717-452D99FCD390}.Release|Any CPU.ActiveCfg = Release|Any CPU
		{48F6968E-CCF2-4BD8-8717-452D99FCD390}.Release|Any CPU.Build.0 = Release|Any CPU
		{359BC7F1-4290-4B31-BFCD-9765031AD459}.Debug|Any CPU.ActiveCfg = Debug|Any CPU
		{359BC7F1-4290-4B31-BFCD-9765031AD459}.Debug|Any CPU.Build.0 = Debug|Any CPU
		{359BC7F1-4290-4B31-BFCD-9765031AD459}.Release|Any CPU.ActiveCfg = Release|Any CPU
		{359BC7F1-4290-4B31-BFCD-9765031AD459}.Release|Any CPU.Build.0 = Release|Any CPU
		{98F51196-0BF6-49B9-A06C-9FC8A0FD1A76}.Debug|Any CPU.ActiveCfg = Debug|Any CPU
		{98F51196-0BF6-49B9-A06C-9FC8A0FD1A76}.Debug|Any CPU.Build.0 = Debug|Any CPU
		{98F51196-0BF6-49B9-A06C-9FC8A0FD1A76}.Release|Any CPU.ActiveCfg = Release|Any CPU
		{98F51196-0BF6-49B9-A06C-9FC8A0FD1A76}.Release|Any CPU.Build.0 = Release|Any CPU
		{AA14F3CD-FADE-4DF9-8EF2-20D98942ECF8}.Debug|Any CPU.ActiveCfg = Debug|Any CPU
		{AA14F3CD-FADE-4DF9-8EF2-20D98942ECF8}.Debug|Any CPU.Build.0 = Debug|Any CPU
		{AA14F3CD-FADE-4DF9-8EF2-20D98942ECF8}.Release|Any CPU.ActiveCfg = Release|Any CPU
		{AA14F3CD-FADE-4DF9-8EF2-20D98942ECF8}.Release|Any CPU.Build.0 = Release|Any CPU
		{2521D16B-0A5A-469F-A6EB-A9F6969BBC19}.Debug|Any CPU.ActiveCfg = Debug|Any CPU
		{2521D16B-0A5A-469F-A6EB-A9F6969BBC19}.Debug|Any CPU.Build.0 = Debug|Any CPU
		{2521D16B-0A5A-469F-A6EB-A9F6969BBC19}.Release|Any CPU.ActiveCfg = Release|Any CPU
		{2521D16B-0A5A-469F-A6EB-A9F6969BBC19}.Release|Any CPU.Build.0 = Release|Any CPU
		{684CD121-6394-4C0B-BD97-8A0635C117E9}.Debug|Any CPU.ActiveCfg = Debug|Any CPU
		{684CD121-6394-4C0B-BD97-8A0635C117E9}.Debug|Any CPU.Build.0 = Debug|Any CPU
		{684CD121-6394-4C0B-BD97-8A0635C117E9}.Release|Any CPU.ActiveCfg = Release|Any CPU
		{684CD121-6394-4C0B-BD97-8A0635C117E9}.Release|Any CPU.Build.0 = Release|Any CPU
		{C81F3515-BF1D-48D8-B90D-D13EA7171C9E}.Debug|Any CPU.ActiveCfg = Debug|Any CPU
		{C81F3515-BF1D-48D8-B90D-D13EA7171C9E}.Debug|Any CPU.Build.0 = Debug|Any CPU
		{C81F3515-BF1D-48D8-B90D-D13EA7171C9E}.Release|Any CPU.ActiveCfg = Release|Any CPU
		{C81F3515-BF1D-48D8-B90D-D13EA7171C9E}.Release|Any CPU.Build.0 = Release|Any CPU
		{FE57D042-A803-43FA-B075-7786C8E1486E}.Debug|Any CPU.ActiveCfg = Debug|Any CPU
		{FE57D042-A803-43FA-B075-7786C8E1486E}.Debug|Any CPU.Build.0 = Debug|Any CPU
		{FE57D042-A803-43FA-B075-7786C8E1486E}.Release|Any CPU.ActiveCfg = Release|Any CPU
		{FE57D042-A803-43FA-B075-7786C8E1486E}.Release|Any CPU.Build.0 = Release|Any CPU
		{D9A99905-D6AE-4FA0-B527-053141A8724A}.Debug|Any CPU.ActiveCfg = Debug|Any CPU
		{D9A99905-D6AE-4FA0-B527-053141A8724A}.Debug|Any CPU.Build.0 = Debug|Any CPU
		{D9A99905-D6AE-4FA0-B527-053141A8724A}.Release|Any CPU.ActiveCfg = Release|Any CPU
		{D9A99905-D6AE-4FA0-B527-053141A8724A}.Release|Any CPU.Build.0 = Release|Any CPU
		{885326B5-A5EF-4E8A-89AE-6D3D1A938369}.Debug|Any CPU.ActiveCfg = Debug|Any CPU
		{885326B5-A5EF-4E8A-89AE-6D3D1A938369}.Debug|Any CPU.Build.0 = Debug|Any CPU
		{885326B5-A5EF-4E8A-89AE-6D3D1A938369}.Release|Any CPU.ActiveCfg = Release|Any CPU
		{885326B5-A5EF-4E8A-89AE-6D3D1A938369}.Release|Any CPU.Build.0 = Release|Any CPU
	EndGlobalSection
	GlobalSection(SolutionProperties) = preSolution
		HideSolutionNode = FALSE
	EndGlobalSection
	GlobalSection(NestedProjects) = preSolution
		{48F6968E-CCF2-4BD8-8717-452D99FCD390} = {25B702B3-8FBC-45EA-A1B3-CD48DA875561}
		{359BC7F1-4290-4B31-BFCD-9765031AD459} = {25B702B3-8FBC-45EA-A1B3-CD48DA875561}
		{98F51196-0BF6-49B9-A06C-9FC8A0FD1A76} = {25B702B3-8FBC-45EA-A1B3-CD48DA875561}
		{AA14F3CD-FADE-4DF9-8EF2-20D98942ECF8} = {25B702B3-8FBC-45EA-A1B3-CD48DA875561}
		{2521D16B-0A5A-469F-A6EB-A9F6969BBC19} = {25B702B3-8FBC-45EA-A1B3-CD48DA875561}
		{684CD121-6394-4C0B-BD97-8A0635C117E9} = {49D7DD31-0A4C-4838-9E15-7E6851B4FB48}
		{C81F3515-BF1D-48D8-B90D-D13EA7171C9E} = {49D7DD31-0A4C-4838-9E15-7E6851B4FB48}
		{FE57D042-A803-43FA-B075-7786C8E1486E} = {C2083F73-5B4F-4A3F-B24D-C2E1219FAC81}
		{D9A99905-D6AE-4FA0-B527-053141A8724A} = {01328AB4-8974-45A6-B967-16E0DBAB9668}
		{885326B5-A5EF-4E8A-89AE-6D3D1A938369} = {01328AB4-8974-45A6-B967-16E0DBAB9668}
	EndGlobalSection
EndGlobal
